{
  "nodes": {
    "hm-24-05": {
      "inputs": {
        "nixpkgs": [
          "nixpkgs-24-05"
        ]
      },
      "locked": {
        "lastModified": 1726989464,
        "narHash": "sha256-Vl+WVTJwutXkimwGprnEtXc/s/s8sMuXzqXaspIGlwM=",
        "owner": "nix-community",
        "repo": "home-manager",
        "rev": "2f23fa308a7c067e52dfcc30a0758f47043ec176",
        "type": "github"
      },
      "original": {
        "owner": "nix-community",
        "ref": "release-24.05",
        "repo": "home-manager",
        "type": "github"
      }
    },
    "home-manager": {
      "inputs": {
        "nixpkgs": [
          "nixpkgs"
        ]
      },
      "locked": {
        "lastModified": 1739757849,
        "narHash": "sha256-Gs076ot1YuAAsYVcyidLKUMIc4ooOaRGO0PqTY7sBzA=",
        "owner": "nix-community",
        "repo": "home-manager",
        "rev": "9d3d080aec2a35e05a15cedd281c2384767c2cfe",
        "type": "github"
      },
      "original": {
        "owner": "nix-community",
        "ref": "release-24.11",
        "repo": "home-manager",
        "type": "github"
      }
    },
    "jira": {
      "inputs": {
        "nixpkgs": "nixpkgs",
        "utils": "utils"
      },
      "locked": {
        "lastModified": 1728228118,
        "narHash": "sha256-1ELlcy3Rd38hvp4kHtdN4VDjaAqQeWHbgAQ3lOuatUo=",
        "ref": "refs/heads/main",
        "rev": "7197cd5caeae0786988825801f16716f1328e382",
        "revCount": 25,
        "type": "git",
        "url": "ssh://git@github.com/ppechkurov/jira.git"
      },
      "original": {
        "type": "git",
        "url": "ssh://git@github.com/ppechkurov/jira.git"
      }
    },
    "minimal-tmux": {
      "inputs": {
        "nixpkgs": "nixpkgs_2"
      },
      "locked": {
        "lastModified": 1730695632,
        "narHash": "sha256-JtbuSxWFR94HiUdQL9uIm2V/kwGz0gbVbqvYWmEncbc=",
        "owner": "niksingh710",
        "repo": "minimal-tmux-status",
        "rev": "d7188c1aeb1c7dd03230982445b7360f5e230131",
        "type": "github"
      },
      "original": {
        "owner": "niksingh710",
        "repo": "minimal-tmux-status",
        "type": "github"
      }
    },
    "nixpkgs": {
      "locked": {
        "lastModified": 1725103162,
        "narHash": "sha256-Ym04C5+qovuQDYL/rKWSR+WESseQBbNAe5DsXNx5trY=",
        "owner": "nixos",
        "repo": "nixpkgs",
        "rev": "12228ff1752d7b7624a54e9c1af4b222b3c1073b",
        "type": "github"
      },
      "original": {
        "owner": "nixos",
        "ref": "nixos-unstable",
        "repo": "nixpkgs",
        "type": "github"
      }
    },
    "nixpkgs-24-05": {
      "locked": {
        "lastModified": 1735563628,
        "narHash": "sha256-OnSAY7XDSx7CtDoqNh8jwVwh4xNL/2HaJxGjryLWzX8=",
        "owner": "NixOS",
        "repo": "nixpkgs",
        "rev": "b134951a4c9f3c995fd7be05f3243f8ecd65d798",
        "type": "github"
      },
      "original": {
        "id": "nixpkgs",
        "ref": "nixos-24.05",
        "type": "indirect"
      }
    },
    "nixpkgs-unstable": {
      "locked": {
        "lastModified": 1741851582,
        "narHash": "sha256-cPfs8qMccim2RBgtKGF+x9IBCduRvd/N5F4nYpU0TVE=",
        "owner": "NixOS",
        "repo": "nixpkgs",
        "rev": "6607cf789e541e7873d40d3a8f7815ea92204f32",
        "type": "github"
      },
      "original": {
        "id": "nixpkgs",
        "ref": "nixos-unstable",
        "type": "indirect"
      }
    },
    "nixpkgs_2": {
      "locked": {
        "lastModified": 1729070438,
        "narHash": "sha256-KOTTUfPkugH52avUvXGxvWy8ibKKj4genodIYUED+Kc=",
        "owner": "nixos",
        "repo": "nixpkgs",
        "rev": "5785b6bb5eaae44e627d541023034e1601455827",
        "type": "github"
      },
      "original": {
        "owner": "nixos",
        "ref": "nixos-unstable",
        "repo": "nixpkgs",
        "type": "github"
      }
    },
    "nixpkgs_3": {
      "locked": {
        "lastModified": 1741862977,
        "narHash": "sha256-prZ0M8vE/ghRGGZcflvxCu40ObKaB+ikn74/xQoNrGQ=",
        "owner": "NixOS",
        "repo": "nixpkgs",
        "rev": "cdd2ef009676ac92b715ff26630164bb88fec4e0",
        "type": "github"
      },
      "original": {
        "id": "nixpkgs",
        "ref": "nixos-24.11",
        "type": "indirect"
      }
    },
    "root": {
      "inputs": {
        "hm-24-05": "hm-24-05",
        "home-manager": "home-manager",
        "jira": "jira",
        "minimal-tmux": "minimal-tmux",
        "nixpkgs": "nixpkgs_3",
        "nixpkgs-24-05": "nixpkgs-24-05",
        "nixpkgs-unstable": "nixpkgs-unstable"
      }
    },
    "systems": {
      "locked": {
        "lastModified": 1681028828,
        "narHash": "sha256-Vy1rq5AaRuLzOxct8nz4T6wlgyUR7zLU309k9mBC768=",
        "owner": "nix-systems",
        "repo": "default",
        "rev": "da67096a3b9bf56a91d16901293e51ba5b49a27e",
        "type": "github"
      },
      "original": {
        "owner": "nix-systems",
        "repo": "default",
        "type": "github"
      }
    },
    "utils": {
      "inputs": {
        "systems": "systems"
      },
      "locked": {
        "lastModified": 1710146030,
        "narHash": "sha256-SZ5L6eA7HJ/nmkzGG7/ISclqe6oZdOZTNoesiInkXPQ=",
        "owner": "numtide",
        "repo": "flake-utils",
        "rev": "b1d9ab70662946ef0850d488da1c9019f3a9752a",
        "type": "github"
      },
      "original": {
        "owner": "numtide",
        "repo": "flake-utils",
        "type": "github"
      }
    }
  },
  "root": "root",
  "version": 7
}
